// !$*UTF8*$!
{
	archiveVersion = 1;
	classes = {
	};
	objectVersion = 46;
	objects = {

/* Begin PBXBuildFile section */
		FBD9EB2B1DC8A3CD0067309F /* main.m in Sources */ = {isa = PBXBuildFile; fileRef = FBD9EB2A1DC8A3CD0067309F /* main.m */; };
		FBD9EB2E1DC8A3CD0067309F /* AppDelegate.m in Sources */ = {isa = PBXBuildFile; fileRef = FBD9EB2D1DC8A3CD0067309F /* AppDelegate.m */; };
		FBD9EB311DC8A3CD0067309F /* ViewController.m in Sources */ = {isa = PBXBuildFile; fileRef = FBD9EB301DC8A3CD0067309F /* ViewController.m */; };
		FBD9EB341DC8A3CD0067309F /* Main.storyboard in Resources */ = {isa = PBXBuildFile; fileRef = FBD9EB321DC8A3CD0067309F /* Main.storyboard */; };
		FBD9EB361DC8A3CD0067309F /* Assets.xcassets in Resources */ = {isa = PBXBuildFile; fileRef = FBD9EB351DC8A3CD0067309F /* Assets.xcassets */; };
		FBD9EB391DC8A3CD0067309F /* LaunchScreen.storyboard in Resources */ = {isa = PBXBuildFile; fileRef = FBD9EB371DC8A3CD0067309F /* LaunchScreen.storyboard */; };
		FBD9EB441DC8A3CD0067309F /* Hola_MundoTests.m in Sources */ = {isa = PBXBuildFile; fileRef = FBD9EB431DC8A3CD0067309F /* Hola_MundoTests.m */; };
		FBD9EB4F1DC8A3CD0067309F /* Hola_MundoUITests.m in Sources */ = {isa = PBXBuildFile; fileRef = FBD9EB4E1DC8A3CD0067309F /* Hola_MundoUITests.m */; };
/* End PBXBuildFile section */

/* Begin PBXContainerItemProxy section */
		FBD9EB401DC8A3CD0067309F /* PBXContainerItemProxy */ = {
			isa = PBXContainerItemProxy;
			containerPortal = FBD9EB1E1DC8A3CD0067309F /* Project object */;
			proxyType = 1;
			remoteGlobalIDString = FBD9EB251DC8A3CD0067309F;
			remoteInfo = Hola_Mundo;
		};
		FBD9EB4B1DC8A3CD0067309F /* PBXContainerItemProxy */ = {
			isa = PBXContainerItemProxy;
			containerPortal = FBD9EB1E1DC8A3CD0067309F /* Project object */;
			proxyType = 1;
			remoteGlobalIDString = FBD9EB251DC8A3CD0067309F;
			remoteInfo = Hola_Mundo;
		};
/* End PBXContainerItemProxy section */

/* Begin PBXFileReference section */
		FBD9EB261DC8A3CD0067309F /* Hola_Mundo.app */ = {isa = PBXFileReference; explicitFileType = wrapper.application; includeInIndex = 0; path = Hola_Mundo.app; sourceTree = BUILT_PRODUCTS_DIR; };
		FBD9EB2A1DC8A3CD0067309F /* main.m */ = {isa = PBXFileReference; lastKnownFileType = sourcecode.c.objc; path = main.m; sourceTree = "<group>"; };
		FBD9EB2C1DC8A3CD0067309F /* AppDelegate.h */ = {isa = PBXFileReference; lastKnownFileType = sourcecode.c.h; path = AppDelegate.h; sourceTree = "<group>"; };
		FBD9EB2D1DC8A3CD0067309F /* AppDelegate.m */ = {isa = PBXFileReference; lastKnownFileType = sourcecode.c.objc; path = AppDelegate.m; sourceTree = "<group>"; };
		FBD9EB2F1DC8A3CD0067309F /* ViewController.h */ = {isa = PBXFileReference; lastKnownFileType = sourcecode.c.h; path = ViewController.h; sourceTree = "<group>"; };
		FBD9EB301DC8A3CD0067309F /* ViewController.m */ = {isa = PBXFileReference; lastKnownFileType = sourcecode.c.objc; path = ViewController.m; sourceTree = "<group>"; };
		FBD9EB331DC8A3CD0067309F /* Base */ = {isa = PBXFileReference; lastKnownFileType = file.storyboard; name = Base; path = Base.lproj/Main.storyboard; sourceTree = "<group>"; };
		FBD9EB351DC8A3CD0067309F /* Assets.xcassets */ = {isa = PBXFileReference; lastKnownFileType = folder.assetcatalog; path = Assets.xcassets; sourceTree = "<group>"; };
		FBD9EB381DC8A3CD0067309F /* Base */ = {isa = PBXFileReference; lastKnownFileType = file.storyboard; name = Base; path = Base.lproj/LaunchScreen.storyboard; sourceTree = "<group>"; };
		FBD9EB3A1DC8A3CD0067309F /* Info.plist */ = {isa = PBXFileReference; lastKnownFileType = text.plist.xml; path = Info.plist; sourceTree = "<group>"; };
		FBD9EB3F1DC8A3CD0067309F /* Hola_MundoTests.xctest */ = {isa = PBXFileReference; explicitFileType = wrapper.cfbundle; includeInIndex = 0; path = Hola_MundoTests.xctest; sourceTree = BUILT_PRODUCTS_DIR; };
		FBD9EB431DC8A3CD0067309F /* Hola_MundoTests.m */ = {isa = PBXFileReference; lastKnownFileType = sourcecode.c.objc; path = Hola_MundoTests.m; sourceTree = "<group>"; };
		FBD9EB451DC8A3CD0067309F /* Info.plist */ = {isa = PBXFileReference; lastKnownFileType = text.plist.xml; path = Info.plist; sourceTree = "<group>"; };
		FBD9EB4A1DC8A3CD0067309F /* Hola_MundoUITests.xctest */ = {isa = PBXFileReference; explicitFileType = wrapper.cfbundle; includeInIndex = 0; path = Hola_MundoUITests.xctest; sourceTree = BUILT_PRODUCTS_DIR; };
		FBD9EB4E1DC8A3CD0067309F /* Hola_MundoUITests.m */ = {isa = PBXFileReference; lastKnownFileType = sourcecode.c.objc; path = Hola_MundoUITests.m; sourceTree = "<group>"; };
		FBD9EB501DC8A3CD0067309F /* Info.plist */ = {isa = PBXFileReference; lastKnownFileType = text.plist.xml; path = Info.plist; sourceTree = "<group>"; };
/* End PBXFileReference section */

/* Begin PBXFrameworksBuildPhase section */
		FBD9EB231DC8A3CD0067309F /* Frameworks */ = {
			isa = PBXFrameworksBuildPhase;
			buildActionMask = 2147483647;
			files = (
			);
			runOnlyForDeploymentPostprocessing = 0;
		};
		FBD9EB3C1DC8A3CD0067309F /* Frameworks */ = {
			isa = PBXFrameworksBuildPhase;
			buildActionMask = 2147483647;
			files = (
			);
			runOnlyForDeploymentPostprocessing = 0;
		};
		FBD9EB471DC8A3CD0067309F /* Frameworks */ = {
			isa = PBXFrameworksBuildPhase;
			buildActionMask = 2147483647;
			files = (
			);
			runOnlyForDeploymentPostprocessing = 0;
		};
/* End PBXFrameworksBuildPhase section */

/* Begin PBXGroup section */
		FBD9EB1D1DC8A3CD0067309F = {
			isa = PBXGroup;
			children = (
				FBD9EB281DC8A3CD0067309F /* Hola_Mundo */,
				FBD9EB421DC8A3CD0067309F /* Hola_MundoTests */,
				FBD9EB4D1DC8A3CD0067309F /* Hola_MundoUITests */,
				FBD9EB271DC8A3CD0067309F /* Products */,
			);
			sourceTree = "<group>";
		};
		FBD9EB271DC8A3CD0067309F /* Products */ = {
			isa = PBXGroup;
			children = (
				FBD9EB261DC8A3CD0067309F /* Hola_Mundo.app */,
				FBD9EB3F1DC8A3CD0067309F /* Hola_MundoTests.xctest */,
				FBD9EB4A1DC8A3CD0067309F /* Hola_MundoUITests.xctest */,
			);
			name = Products;
			sourceTree = "<group>";
		};
		FBD9EB281DC8A3CD0067309F /* Hola_Mundo */ = {
			isa = PBXGroup;
			children = (
				FBD9EB2C1DC8A3CD0067309F /* AppDelegate.h */,
				FBD9EB2D1DC8A3CD0067309F /* AppDelegate.m */,
				FBD9EB2F1DC8A3CD0067309F /* ViewController.h */,
				FBD9EB301DC8A3CD0067309F /* ViewController.m */,
				FBD9EB321DC8A3CD0067309F /* Main.storyboard */,
				FBD9EB351DC8A3CD0067309F /* Assets.xcassets */,
				FBD9EB371DC8A3CD0067309F /* LaunchScreen.storyboard */,
				FBD9EB3A1DC8A3CD0067309F /* Info.plist */,
				FBD9EB291DC8A3CD0067309F /* Supporting Files */,
			);
			path = Hola_Mundo;
			sourceTree = "<group>";
		};
		FBD9EB291DC8A3CD0067309F /* Supporting Files */ = {
			isa = PBXGroup;
			children = (
				FBD9EB2A1DC8A3CD0067309F /* main.m */,
			);
			name = "Supporting Files";
			sourceTree = "<group>";
		};
		FBD9EB421DC8A3CD0067309F /* Hola_MundoTests */ = {
			isa = PBXGroup;
			children = (
				FBD9EB431DC8A3CD0067309F /* Hola_MundoTests.m */,
				FBD9EB451DC8A3CD0067309F /* Info.plist */,
			);
			path = Hola_MundoTests;
			sourceTree = "<group>";
		};
		FBD9EB4D1DC8A3CD0067309F /* Hola_MundoUITests */ = {
			isa = PBXGroup;
			children = (
				FBD9EB4E1DC8A3CD0067309F /* Hola_MundoUITests.m */,
				FBD9EB501DC8A3CD0067309F /* Info.plist */,
			);
			path = Hola_MundoUITests;
			sourceTree = "<group>";
		};
/* End PBXGroup section */

/* Begin PBXNativeTarget section */
		FBD9EB251DC8A3CD0067309F /* Hola_Mundo */ = {
			isa = PBXNativeTarget;
			buildConfigurationList = FBD9EB531DC8A3CD0067309F /* Build configuration list for PBXNativeTarget "Hola_Mundo" */;
			buildPhases = (
				FBD9EB221DC8A3CD0067309F /* Sources */,
				FBD9EB231DC8A3CD0067309F /* Frameworks */,
				FBD9EB241DC8A3CD0067309F /* Resources */,
			);
			buildRules = (
			);
			dependencies = (
			);
			name = Hola_Mundo;
			productName = Hola_Mundo;
			productReference = FBD9EB261DC8A3CD0067309F /* Hola_Mundo.app */;
			productType = "com.apple.product-type.application";
		};
		FBD9EB3E1DC8A3CD0067309F /* Hola_MundoTests */ = {
			isa = PBXNativeTarget;
			buildConfigurationList = FBD9EB561DC8A3CD0067309F /* Build configuration list for PBXNativeTarget "Hola_MundoTests" */;
			buildPhases = (
				FBD9EB3B1DC8A3CD0067309F /* Sources */,
				FBD9EB3C1DC8A3CD0067309F /* Frameworks */,
				FBD9EB3D1DC8A3CD0067309F /* Resources */,
			);
			buildRules = (
			);
			dependencies = (
				FBD9EB411DC8A3CD0067309F /* PBXTargetDependency */,
			);
			name = Hola_MundoTests;
			productName = Hola_MundoTests;
			productReference = FBD9EB3F1DC8A3CD0067309F /* Hola_MundoTests.xctest */;
			productType = "com.apple.product-type.bundle.unit-test";
		};
		FBD9EB491DC8A3CD0067309F /* Hola_MundoUITests */ = {
			isa = PBXNativeTarget;
			buildConfigurationList = FBD9EB591DC8A3CD0067309F /* Build configuration list for PBXNativeTarget "Hola_MundoUITests" */;
			buildPhases = (
				FBD9EB461DC8A3CD0067309F /* Sources */,
				FBD9EB471DC8A3CD0067309F /* Frameworks */,
				FBD9EB481DC8A3CD0067309F /* Resources */,
			);
			buildRules = (
			);
			dependencies = (
				FBD9EB4C1DC8A3CD0067309F /* PBXTargetDependency */,
			);
			name = Hola_MundoUITests;
			productName = Hola_MundoUITests;
			productReference = FBD9EB4A1DC8A3CD0067309F /* Hola_MundoUITests.xctest */;
			productType = "com.apple.product-type.bundle.ui-testing";
		};
/* End PBXNativeTarget section */

/* Begin PBXProject section */
		FBD9EB1E1DC8A3CD0067309F /* Project object */ = {
			isa = PBXProject;
			attributes = {
				LastUpgradeCheck = 0730;
				ORGANIZATIONNAME = Alumno;
				TargetAttributes = {
					FBD9EB251DC8A3CD0067309F = {
						CreatedOnToolsVersion = 7.3;
					};
					FBD9EB3E1DC8A3CD0067309F = {
						CreatedOnToolsVersion = 7.3;
						TestTargetID = FBD9EB251DC8A3CD0067309F;
					};
					FBD9EB491DC8A3CD0067309F = {
						CreatedOnToolsVersion = 7.3;
						TestTargetID = FBD9EB251DC8A3CD0067309F;
					};
				};
			};
			buildConfigurationList = FBD9EB211DC8A3CD0067309F /* Build configuration list for PBXProject "Hola_Mundo" */;
			compatibilityVersion = "Xcode 3.2";
			developmentRegion = English;
			hasScannedForEncodings = 0;
			knownRegions = (
				en,
				Base,
			);
			mainGroup = FBD9EB1D1DC8A3CD0067309F;
			productRefGroup = FBD9EB271DC8A3CD0067309F /* Products */;
			projectDirPath = "";
			projectRoot = "";
			targets = (
				FBD9EB251DC8A3CD0067309F /* Hola_Mundo */,
				FBD9EB3E1DC8A3CD0067309F /* Hola_MundoTests */,
				FBD9EB491DC8A3CD0067309F /* Hola_MundoUITests */,
			);
		};
/* End PBXProject section */

/* Begin PBXResourcesBuildPhase section */
		FBD9EB241DC8A3CD0067309F /* Resources */ = {
			isa = PBXResourcesBuildPhase;
			buildActionMask = 2147483647;
			files = (
				FBD9EB391DC8A3CD0067309F /* LaunchScreen.storyboard in Resources */,
				FBD9EB361DC8A3CD0067309F /* Assets.xcassets in Resources */,
				FBD9EB341DC8A3CD0067309F /* Main.storyboard in Resources */,
			);
			runOnlyForDeploymentPostprocessing = 0;
		};
		FBD9EB3D1DC8A3CD0067309F /* Resources */ = {
			isa = PBXResourcesBuildPhase;
			buildActionMask = 2147483647;
			files = (
			);
			runOnlyForDeploymentPostprocessing = 0;
		};
		FBD9EB481DC8A3CD0067309F /* Resources */ = {
			isa = PBXResourcesBuildPhase;
			buildActionMask = 2147483647;
			files = (
			);
			runOnlyForDeploymentPostprocessing = 0;
		};
/* End PBXResourcesBuildPhase section */

/* Begin PBXSourcesBuildPhase section */
		FBD9EB221DC8A3CD0067309F /* Sources */ = {
			isa = PBXSourcesBuildPhase;
			buildActionMask = 2147483647;
			files = (
				FBD9EB311DC8A3CD0067309F /* ViewController.m in Sources */,
				FBD9EB2E1DC8A3CD0067309F /* AppDelegate.m in Sources */,
				FBD9EB2B1DC8A3CD0067309F /* main.m in Sources */,
			);
			runOnlyForDeploymentPostprocessing = 0;
		};
		FBD9EB3B1DC8A3CD0067309F /* Sources */ = {
			isa = PBXSourcesBuildPhase;
			buildActionMask = 2147483647;
			files = (
				FBD9EB441DC8A3CD0067309F /* Hola_MundoTests.m in Sources */,
			);
			runOnlyForDeploymentPostprocessing = 0;
		};
		FBD9EB461DC8A3CD0067309F /* Sources */ = {
			isa = PBXSourcesBuildPhase;
			buildActionMask = 2147483647;
			files = (
				FBD9EB4F1DC8A3CD0067309F /* Hola_MundoUITests.m in Sources */,
			);
			runOnlyForDeploymentPostprocessing = 0;
		};
/* End PBXSourcesBuildPhase section */

/* Begin PBXTargetDependency section */
		FBD9EB411DC8A3CD0067309F /* PBXTargetDependency */ = {
			isa = PBXTargetDependency;
			target = FBD9EB251DC8A3CD0067309F /* Hola_Mundo */;
			targetProxy = FBD9EB401DC8A3CD0067309F /* PBXContainerItemProxy */;
		};
		FBD9EB4C1DC8A3CD0067309F /* PBXTargetDependency */ = {
			isa = PBXTargetDependency;
			target = FBD9EB251DC8A3CD0067309F /* Hola_Mundo */;
			targetProxy = FBD9EB4B1DC8A3CD0067309F /* PBXContainerItemProxy */;
		};
/* End PBXTargetDependency section */

/* Begin PBXVariantGroup section */
		FBD9EB321DC8A3CD0067309F /* Main.storyboard */ = {
			isa = PBXVariantGroup;
			children = (
				FBD9EB331DC8A3CD0067309F /* Base */,
			);
			name = Main.storyboard;
			sourceTree = "<group>";
		};
		FBD9EB371DC8A3CD0067309F /* LaunchScreen.storyboard */ = {
			isa = PBXVariantGroup;
			children = (
				FBD9EB381DC8A3CD0067309F /* Base */,
			);
			name = LaunchScreen.storyboard;
			sourceTree = "<group>";
		};
/* End PBXVariantGroup section */

/* Begin XCBuildConfiguration section */
		FBD9EB511DC8A3CD0067309F /* Debug */ = {
			isa = XCBuildConfiguration;
			buildSettings = {
				ALWAYS_SEARCH_USER_PATHS = NO;
				CLANG_ANALYZER_NONNULL = YES;
				CLANG_CXX_LANGUAGE_STANDARD = "gnu++0x";
				CLANG_CXX_LIBRARY = "libc++";
				CLANG_ENABLE_MODULES = YES;
				CLANG_ENABLE_OBJC_ARC = YES;
				CLANG_WARN_BOOL_CONVERSION = YES;
				CLANG_WARN_CONSTANT_CONVERSION = YES;
				CLANG_WARN_DIRECT_OBJC_ISA_USAGE = YES_ERROR;
				CLANG_WARN_EMPTY_BODY = YES;
				CLANG_WARN_ENUM_CONVERSION = YES;
				CLANG_WARN_INT_CONVERSION = YES;
				CLANG_WARN_OBJC_ROOT_CLASS = YES_ERROR;
				CLANG_WARN_UNREACHABLE_CODE = YES;
				CLANG_WARN__DUPLICATE_METHOD_MATCH = YES;
				"CODE_SIGN_IDENTITY[sdk=iphoneos*]" = "iPhone Developer";
				COPY_PHASE_STRIP = NO;
				DEBUG_INFORMATION_FORMAT = dwarf;
				ENABLE_STRICT_OBJC_MSGSEND = YES;
				ENABLE_TESTABILITY = YES;
				GCC_C_LANGUAGE_STANDARD = gnu99;
				GCC_DYNAMIC_NO_PIC = NO;
				GCC_NO_COMMON_BLOCKS = YES;
				GCC_OPTIMIZATION_LEVEL = 0;
				GCC_PREPROCESSOR_DEFINITIONS = (
					"DEBUG=1",
					"$(inherited)",
				);
				GCC_WARN_64_TO_32_BIT_CONVERSION = YES;
				GCC_WARN_ABOUT_RETURN_TYPE = YES_ERROR;
				GCC_WARN_UNDECLARED_SELECTOR = YES;
				GCC_WARN_UNINITIALIZED_AUTOS = YES_AGGRESSIVE;
				GCC_WARN_UNUSED_FUNCTION = YES;
				GCC_WARN_UNUSED_VARIABLE = YES;
				IPHONEOS_DEPLOYMENT_TARGET = 9.3;
				MTL_ENABLE_DEBUG_INFO = YES;
				ONLY_ACTIVE_ARCH = YES;
				SDKROOT = iphoneos;
			};
			name = Debug;
		};
		FBD9EB521DC8A3CD0067309F /* Release */ = {
			isa = XCBuildConfiguration;
			buildSettings = {
				ALWAYS_SEARCH_USER_PATHS = NO;
				CLANG_ANALYZER_NONNULL = YES;
				CLANG_CXX_LANGUAGE_STANDARD = "gnu++0x";
				CLANG_CXX_LIBRARY = "libc++";
				CLANG_ENABLE_MODULES = YES;
				CLANG_ENABLE_OBJC_ARC = YES;
				CLANG_WARN_BOOL_CONVERSION = YES;
				CLANG_WARN_CONSTANT_CONVERSION = YES;
				CLANG_WARN_DIRECT_OBJC_ISA_USAGE = YES_ERROR;
				CLANG_WARN_EMPTY_BODY = YES;
				CLANG_WARN_ENUM_CONVERSION = YES;
				CLANG_WARN_INT_CONVERSION = YES;
				CLANG_WARN_OBJC_ROOT_CLASS = YES_ERROR;
				CLANG_WARN_UNREACHABLE_CODE = YES;
				CLANG_WARN__DUPLICATE_METHOD_MATCH = YES;
				"CODE_SIGN_IDENTITY[sdk=iphoneos*]" = "iPhone Developer";
				COPY_PHASE_STRIP = NO;
				DEBUG_INFORMATION_FORMAT = "dwarf-with-dsym";
				ENABLE_NS_ASSERTIONS = NO;
				ENABLE_STRICT_OBJC_MSGSEND = YES;
				GCC_C_LANGUAGE_STANDARD = gnu99;
				GCC_NO_COMMON_BLOCKS = YES;
				GCC_WARN_64_TO_32_BIT_CONVERSION = YES;
				GCC_WARN_ABOUT_RETURN_TYPE = YES_ERROR;
				GCC_WARN_UNDECLARED_SELECTOR = YES;
				GCC_WARN_UNINITIALIZED_AUTOS = YES_AGGRESSIVE;
				GCC_WARN_UNUSED_FUNCTION = YES;
				GCC_WARN_UNUSED_VARIABLE = YES;
				IPHONEOS_DEPLOYMENT_TARGET = 9.3;
				MTL_ENABLE_DEBUG_INFO = NO;
				SDKROOT = iphoneos;
				VALIDATE_PRODUCT = YES;
			};
			name = Release;
		};
		FBD9EB541DC8A3CD0067309F /* Debug */ = {
			isa = XCBuildConfiguration;
			buildSettings = {
				ASSETCATALOG_COMPILER_APPICON_NAME = AppIcon;
				INFOPLIST_FILE = Hola_Mundo/Info.plist;
				LD_RUNPATH_SEARCH_PATHS = "$(inherited) @executable_path/Frameworks";
				PRODUCT_BUNDLE_IDENTIFIER = "test.Hola-Mundo";
				PRODUCT_NAME = "$(TARGET_NAME)";
			};
			name = Debug;
		};
		FBD9EB551DC8A3CD0067309F /* Release */ = {
			isa = XCBuildConfiguration;
			buildSettings = {
				ASSETCATALOG_COMPILER_APPICON_NAME = AppIcon;
				INFOPLIST_FILE = Hola_Mundo/Info.plist;
				LD_RUNPATH_SEARCH_PATHS = "$(inherited) @executable_path/Frameworks";
				PRODUCT_BUNDLE_IDENTIFIER = "test.Hola-Mundo";
				PRODUCT_NAME = "$(TARGET_NAME)";
			};
			name = Release;
		};
		FBD9EB571DC8A3CD0067309F /* Debug */ = {
			isa = XCBuildConfiguration;
			buildSettings = {
				BUNDLE_LOADER = "$(TEST_HOST)";
				INFOPLIST_FILE = Hola_MundoTests/Info.plist;
				LD_RUNPATH_SEARCH_PATHS = "$(inherited) @executable_path/Frameworks @loader_path/Frameworks";
				PRODUCT_BUNDLE_IDENTIFIER = "test.Hola-MundoTests";
				PRODUCT_NAME = "$(TARGET_NAME)";
				TEST_HOST = "$(BUILT_PRODUCTS_DIR)/Hola_Mundo.app/Hola_Mundo";
			};
			name = Debug;
		};
		FBD9EB581DC8A3CD0067309F /* Release */ = {
			isa = XCBuildConfiguration;
			buildSettings = {
				BUNDLE_LOADER = "$(TEST_HOST)";
				INFOPLIST_FILE = Hola_MundoTests/Info.plist;
				LD_RUNPATH_SEARCH_PATHS = "$(inherited) @executable_path/Frameworks @loader_path/Frameworks";
				PRODUCT_BUNDLE_IDENTIFIER = "test.Hola-MundoTests";
				PRODUCT_NAME = "$(TARGET_NAME)";
				TEST_HOST = "$(BUILT_PRODUCTS_DIR)/Hola_Mundo.app/Hola_Mundo";
			};
			name = Release;
		};
		FBD9EB5A1DC8A3CD0067309F /* Debug */ = {
			isa = XCBuildConfiguration;
			buildSettings = {
				INFOPLIST_FILE = Hola_MundoUITests/Info.plist;
				LD_RUNPATH_SEARCH_PATHS = "$(inherited) @executable_path/Frameworks @loader_path/Frameworks";
				PRODUCT_BUNDLE_IDENTIFIER = "test.Hola-MundoUITests";
				PRODUCT_NAME = "$(TARGET_NAME)";
				TEST_TARGET_NAME = Hola_Mundo;
			};
			name = Debug;
		};
		FBD9EB5B1DC8A3CD0067309F /* Release */ = {
			isa = XCBuildConfiguration;
			buildSettings = {
				INFOPLIST_FILE = Hola_MundoUITests/Info.plist;
				LD_RUNPATH_SEARCH_PATHS = "$(inherited) @executable_path/Frameworks @loader_path/Frameworks";
				PRODUCT_BUNDLE_IDENTIFIER = "test.Hola-MundoUITests";
				PRODUCT_NAME = "$(TARGET_NAME)";
				TEST_TARGET_NAME = Hola_Mundo;
			};
			name = Release;
		};
/* End XCBuildConfiguration section */

/* Begin XCConfigurationList section */
		FBD9EB211DC8A3CD0067309F /* Build configuration list for PBXProject "Hola_Mundo" */ = {
			isa = XCConfigurationList;
			buildConfigurations = (
				FBD9EB511DC8A3CD0067309F /* Debug */,
				FBD9EB521DC8A3CD0067309F /* Release */,
			);
			defaultConfigurationIsVisible = 0;
			defaultConfigurationName = Release;
		};
		FBD9EB531DC8A3CD0067309F /* Build configuration list for PBXNativeTarget "Hola_Mundo" */ = {
			isa = XCConfigurationList;
			buildConfigurations = (
				FBD9EB541DC8A3CD0067309F /* Debug */,
				FBD9EB551DC8A3CD0067309F /* Release */,
			);
			defaultConfigurationIsVisible = 0;
		};
		FBD9EB561DC8A3CD0067309F /* Build configuration list for PBXNativeTarget "Hola_MundoTests" */ = {
			isa = XCConfigurationList;
			buildConfigurations = (
				FBD9EB571DC8A3CD0067309F /* Debug */,
				FBD9EB581DC8A3CD0067309F /* Release */,
			);
			defaultConfigurationIsVisible = 0;
		};
		FBD9EB591DC8A3CD0067309F /* Build configuration list for PBXNativeTarget "Hola_MundoUITests" */ = {
			isa = XCConfigurationList;
			buildConfigurations = (
				FBD9EB5A1DC8A3CD0067309F /* Debug */,
				FBD9EB5B1DC8A3CD0067309F /* Release */,
			);
			defaultConfigurationIsVisible = 0;
		};
/* End XCConfigurationList section */
	};
	rootObject = FBD9EB1E1DC8A3CD0067309F /* Project object */;
}
